<?xml version="1.0" encoding="utf-8"?>
<Project ToolsVersion="17.0" xmlns="http://schemas.microsoft.com/developer/msbuild/2003">
  <ItemGroup>
    <ClCompile Include="C:\Users\laeti\Documents\GitHub\R-Type\engine\src\Entity.cpp">
      <Filter>Source Files</Filter>
    </ClCompile>
    <ClCompile Include="C:\Users\laeti\Documents\GitHub\R-Type\engine\src\System.cpp">
      <Filter>Source Files</Filter>
    </ClCompile>
  </ItemGroup>
  <ItemGroup>
    <CustomBuild Include="C:\Users\laeti\Documents\GitHub\R-Type\CMakeLists.txt" />
  </ItemGroup>
  <ItemGroup>
    <Filter Include="Source Files">
      <UniqueIdentifier>{5E2C23CA-8E44-3BCA-B1BF-8D5B15BD7B28}</UniqueIdentifier>
    </Filter>
  </ItemGroup>
</Project>
