<?xml version="1.0" encoding="utf-8"?>
<Project ToolsVersion="17.0" xmlns="http://schemas.microsoft.com/developer/msbuild/2003">
  <ItemGroup>
    <CustomBuild Include="C:\Users\laeti\Documents\GitHub\R-Type\CMakeFiles\d53b318fbc8ddcf8f35a28368b3fc5c1\generate.stamp.rule">
      <Filter>CMake Rules</Filter>
    </CustomBuild>
  </ItemGroup>
  <ItemGroup>
    <Filter Include="CMake Rules">
      <UniqueIdentifier>{C2C27019-6544-370B-B6B7-141FC3237C2D}</UniqueIdentifier>
    </Filter>
  </ItemGroup>
</Project>
